Microsoft Visual Studio Solution File, Format Version 12.00
# Visual Studio Version 17
VisualStudioVersion = 17.5.2.0
MinimumVisualStudioVersion = 10.0.40219.1
Project("{FAE04EC0-301F-11D3-BF4B-00C04F79EFBC}") = "BioAnalyzer.AppHost", "BioAnalyzer.AppHost.csproj", "{A3699D83-6693-3496-B659-31799EA21562}"
EndProject
Global
	GlobalSection(SolutionConfigurationPlatforms) = preSolution
		Debug|Any CPU = Debug|Any CPU
		Release|Any CPU = Release|Any CPU
	EndGlobalSection
	GlobalSection(ProjectConfigurationPlatforms) = postSolution
		{A3699D83-6693-3496-B659-31799EA21562}.Debug|Any CPU.ActiveCfg = Debug|Any CPU
		{A3699D83-6693-3496-B659-31799EA21562}.Debug|Any CPU.Build.0 = Debug|Any CPU
		{A3699D83-6693-3496-B659-31799EA21562}.Release|Any CPU.ActiveCfg = Release|Any CPU
		{A3699D83-6693-3496-B659-31799EA21562}.Release|Any CPU.Build.0 = Release|Any CPU
	EndGlobalSection
	GlobalSection(SolutionProperties) = preSolution
		HideSolutionNode = FALSE
	EndGlobalSection
	GlobalSection(ExtensibilityGlobals) = postSolution
		SolutionGuid = {09307E30-486B-4549-A78E-088C80A3E3AF}
	EndGlobalSection
EndGlobal
